
Microsoft Visual Studio Solution File, Format Version 12.00
# Visual Studio 14
VisualStudioVersion = 14.0.25123.0
MinimumVisualStudioVersion = 10.0.40219.1
Project("{FAE04EC0-301F-11D3-BF4B-00C04F79EFBC}") = "OneTrueError.Client.AspNet", "OneTrueError.Client.AspNet\OneTrueError.Client.AspNet.csproj", "{FA2B6ECC-4E09-42A5-9239-C50CD640AC5B}"
EndProject
Project("{FAE04EC0-301F-11D3-BF4B-00C04F79EFBC}") = "OneTrueError.Client.AspNet.Tests", "..\OneTrueError.Client.AspNet.Tests\OneTrueError.Client.AspNet.Tests.csproj", "{44FACAA3-63F5-46D7-9749-C12E5C284878}"
EndProject
Project("{FAE04EC0-301F-11D3-BF4B-00C04F79EFBC}") = "DemoApp", "DemoApp\DemoApp.csproj", "{27A6DD0C-3388-4F39-89FA-B02749D7C289}"
EndProject
Project("{FAE04EC0-301F-11D3-BF4B-00C04F79EFBC}") = "OneTrueError.Client.AspNet.Demo", "OneTrueError.Client.AspNet.Demo\OneTrueError.Client.AspNet.Demo.csproj", "{3F72CD24-1428-4C54-A17D-BA60D9B71CAD}"
EndProject
Global
	GlobalSection(SolutionConfigurationPlatforms) = preSolution
		Debug|Any CPU = Debug|Any CPU
		Release|Any CPU = Release|Any CPU
	EndGlobalSection
	GlobalSection(ProjectConfigurationPlatforms) = postSolution
		{FA2B6ECC-4E09-42A5-9239-C50CD640AC5B}.Debug|Any CPU.ActiveCfg = Debug|Any CPU
		{FA2B6ECC-4E09-42A5-9239-C50CD640AC5B}.Debug|Any CPU.Build.0 = Debug|Any CPU
		{FA2B6ECC-4E09-42A5-9239-C50CD640AC5B}.Release|Any CPU.ActiveCfg = Release|Any CPU
		{FA2B6ECC-4E09-42A5-9239-C50CD640AC5B}.Release|Any CPU.Build.0 = Release|Any CPU
		{44FACAA3-63F5-46D7-9749-C12E5C284878}.Debug|Any CPU.ActiveCfg = Debug|Any CPU
		{44FACAA3-63F5-46D7-9749-C12E5C284878}.Debug|Any CPU.Build.0 = Debug|Any CPU
		{44FACAA3-63F5-46D7-9749-C12E5C284878}.Release|Any CPU.ActiveCfg = Release|Any CPU
		{44FACAA3-63F5-46D7-9749-C12E5C284878}.Release|Any CPU.Build.0 = Release|Any CPU
		{27A6DD0C-3388-4F39-89FA-B02749D7C289}.Debug|Any CPU.ActiveCfg = Debug|Any CPU
		{27A6DD0C-3388-4F39-89FA-B02749D7C289}.Debug|Any CPU.Build.0 = Debug|Any CPU
		{27A6DD0C-3388-4F39-89FA-B02749D7C289}.Release|Any CPU.ActiveCfg = Release|Any CPU
		{27A6DD0C-3388-4F39-89FA-B02749D7C289}.Release|Any CPU.Build.0 = Release|Any CPU
		{3F72CD24-1428-4C54-A17D-BA60D9B71CAD}.Debug|Any CPU.ActiveCfg = Debug|Any CPU
		{3F72CD24-1428-4C54-A17D-BA60D9B71CAD}.Debug|Any CPU.Build.0 = Debug|Any CPU
		{3F72CD24-1428-4C54-A17D-BA60D9B71CAD}.Release|Any CPU.ActiveCfg = Release|Any CPU
		{3F72CD24-1428-4C54-A17D-BA60D9B71CAD}.Release|Any CPU.Build.0 = Release|Any CPU
	EndGlobalSection
	GlobalSection(SolutionProperties) = preSolution
		HideSolutionNode = FALSE
	EndGlobalSection
EndGlobal
